
Microsoft Visual Studio Solution File, Format Version 12.00
# Visual Studio Version 17
VisualStudioVersion = 17.4.33110.190
MinimumVisualStudioVersion = 10.0.40219.1
Project("{9A19103F-16F7-4668-BE54-9A1E7A4F7556}") = "JobChannelDesktop", "JobChannelDesktop\JobChannelDesktop.csproj", "{A179B03B-A0DE-42D1-AE5F-ABD5F6D51748}"
	ProjectSection(ProjectDependencies) = postProject
		{82EF2785-5865-4298-AAB6-53151B836DB9} = {82EF2785-5865-4298-AAB6-53151B836DB9}
		{A70EF672-6F37-40CC-B720-38D901944A84} = {A70EF672-6F37-40CC-B720-38D901944A84}
	EndProjectSection
EndProject
Project("{FAE04EC0-301F-11D3-BF4B-00C04F79EFBC}") = "BLL", "BLL\BLL.csproj", "{82EF2785-5865-4298-AAB6-53151B836DB9}"
EndProject
Project("{FAE04EC0-301F-11D3-BF4B-00C04F79EFBC}") = "Domain", "Domain\Domain.csproj", "{A70EF672-6F37-40CC-B720-38D901944A84}"
EndProject
Global
	GlobalSection(SolutionConfigurationPlatforms) = preSolution
		Debug|Any CPU = Debug|Any CPU
		Release|Any CPU = Release|Any CPU
	EndGlobalSection
	GlobalSection(ProjectConfigurationPlatforms) = postSolution
		{A179B03B-A0DE-42D1-AE5F-ABD5F6D51748}.Debug|Any CPU.ActiveCfg = Debug|Any CPU
		{A179B03B-A0DE-42D1-AE5F-ABD5F6D51748}.Debug|Any CPU.Build.0 = Debug|Any CPU
		{A179B03B-A0DE-42D1-AE5F-ABD5F6D51748}.Release|Any CPU.ActiveCfg = Release|Any CPU
		{A179B03B-A0DE-42D1-AE5F-ABD5F6D51748}.Release|Any CPU.Build.0 = Release|Any CPU
		{82EF2785-5865-4298-AAB6-53151B836DB9}.Debug|Any CPU.ActiveCfg = Debug|Any CPU
		{82EF2785-5865-4298-AAB6-53151B836DB9}.Debug|Any CPU.Build.0 = Debug|Any CPU
		{82EF2785-5865-4298-AAB6-53151B836DB9}.Release|Any CPU.ActiveCfg = Release|Any CPU
		{82EF2785-5865-4298-AAB6-53151B836DB9}.Release|Any CPU.Build.0 = Release|Any CPU
		{A70EF672-6F37-40CC-B720-38D901944A84}.Debug|Any CPU.ActiveCfg = Debug|Any CPU
		{A70EF672-6F37-40CC-B720-38D901944A84}.Debug|Any CPU.Build.0 = Debug|Any CPU
		{A70EF672-6F37-40CC-B720-38D901944A84}.Release|Any CPU.ActiveCfg = Release|Any CPU
		{A70EF672-6F37-40CC-B720-38D901944A84}.Release|Any CPU.Build.0 = Release|Any CPU
	EndGlobalSection
	GlobalSection(SolutionProperties) = preSolution
		HideSolutionNode = FALSE
	EndGlobalSection
	GlobalSection(ExtensibilityGlobals) = postSolution
		SolutionGuid = {B4DA4573-1F8C-45D5-B6C9-CDAF88EDA992}
	EndGlobalSection
EndGlobal
